
Microsoft Visual Studio Solution File, Format Version 12.00
# Visual Studio Version 16
VisualStudioVersion = 16.0.29215.179
MinimumVisualStudioVersion = 10.0.40219.1
Project("{FAE04EC0-301F-11D3-BF4B-00C04F79EFBC}") = "5-MembrosEstaticos-pt1", "5-MembrosEstaticos-pt1\5-MembrosEstaticos-pt1.csproj", "{BEA4300B-180D-4B7C-A614-75DF2722BE95}"
EndProject
Global
	GlobalSection(SolutionConfigurationPlatforms) = preSolution
		Debug|Any CPU = Debug|Any CPU
		Release|Any CPU = Release|Any CPU
	EndGlobalSection
	GlobalSection(ProjectConfigurationPlatforms) = postSolution
		{BEA4300B-180D-4B7C-A614-75DF2722BE95}.Debug|Any CPU.ActiveCfg = Debug|Any CPU
		{BEA4300B-180D-4B7C-A614-75DF2722BE95}.Debug|Any CPU.Build.0 = Debug|Any CPU
		{BEA4300B-180D-4B7C-A614-75DF2722BE95}.Release|Any CPU.ActiveCfg = Release|Any CPU
		{BEA4300B-180D-4B7C-A614-75DF2722BE95}.Release|Any CPU.Build.0 = Release|Any CPU
	EndGlobalSection
	GlobalSection(SolutionProperties) = preSolution
		HideSolutionNode = FALSE
	EndGlobalSection
	GlobalSection(ExtensibilityGlobals) = postSolution
		SolutionGuid = {13CB0210-7177-449F-A944-D6B6AFF6E58B}
	EndGlobalSection
EndGlobal
